
Microsoft Visual Studio Solution File, Format Version 12.00
# Visual Studio Version 17
VisualStudioVersion = 17.0.31903.59
MinimumVisualStudioVersion = 10.0.40219.1
Project("{2150E333-8FDC-42A3-9474-1A3956D46DE8}") = "src", "src", "{827E0CD3-B72D-47B6-A68D-7590B98EB39B}"
EndProject
Project("{FAE04EC0-301F-11D3-BF4B-00C04F79EFBC}") = "Rockestra.Core", "src\Rockestra.Core\Rockestra.Core.csproj", "{C7121204-DE5A-4563-B1C6-FFC29C3719E5}"
EndProject
Project("{2150E333-8FDC-42A3-9474-1A3956D46DE8}") = "tests", "tests", "{0AB3BF05-4346-4AA6-1389-037BE0695223}"
EndProject
Project("{FAE04EC0-301F-11D3-BF4B-00C04F79EFBC}") = "Rockestra.Core.Tests", "tests\Rockestra.Core.Tests\Rockestra.Core.Tests.csproj", "{CA0F9EF5-874E-47D7-B32E-7446DA2E8701}"
EndProject
Project("{FAE04EC0-301F-11D3-BF4B-00C04F79EFBC}") = "Rockestra.Tooling", "src\Rockestra.Tooling\Rockestra.Tooling.csproj", "{CE87F137-1AD9-413A-BDF1-CB5056A25ADF}"
EndProject
Project("{FAE04EC0-301F-11D3-BF4B-00C04F79EFBC}") = "Rockestra.Tooling.Tests", "tests\Rockestra.Tooling.Tests\Rockestra.Tooling.Tests.csproj", "{1D8A61F6-A28F-4DDF-B184-18B8D2D64681}"
EndProject
Project("{2150E333-8FDC-42A3-9474-1A3956D46DE8}") = "examples", "examples", "{B36A84DF-456D-A817-6EDD-3EC3E7F6E11F}"
EndProject
Project("{FAE04EC0-301F-11D3-BF4B-00C04F79EFBC}") = "Rockestra.Runner", "examples\Rockestra.Runner\Rockestra.Runner.csproj", "{B2B6B4B4-0E4E-4AF5-A08F-9E44D4E790CA}"
EndProject
Project("{FAE04EC0-301F-11D3-BF4B-00C04F79EFBC}") = "Rockestra.Runner.Tests", "tests\Rockestra.Runner.Tests\Rockestra.Runner.Tests.csproj", "{4CC3E513-7C07-4AD3-923C-03DA1A1ACE9A}"
EndProject
Project("{2150E333-8FDC-42A3-9474-1A3956D46DE8}") = "benchmarks", "benchmarks", "{66320409-64EC-F7C5-3DEF-65E7510DAAD1}"
EndProject
Project("{FAE04EC0-301F-11D3-BF4B-00C04F79EFBC}") = "Rockestra.Benchmarks", "benchmarks\Rockestra.Benchmarks\Rockestra.Benchmarks.csproj", "{15E7046A-5827-4504-B9FE-78427BEDA5BF}"
EndProject
Project("{FAE04EC0-301F-11D3-BF4B-00C04F79EFBC}") = "Rockestra.Cli", "src\Rockestra.Cli\Rockestra.Cli.csproj", "{E5DC75D1-0B52-4AA0-AD86-D54084950EB6}"
EndProject
Project("{FAE04EC0-301F-11D3-BF4B-00C04F79EFBC}") = "Rockestra.Cli.Tests", "tests\Rockestra.Cli.Tests\Rockestra.Cli.Tests.csproj", "{D1700E3D-4F4D-46E4-A739-B263654BF930}"
EndProject
Project("{FAE04EC0-301F-11D3-BF4B-00C04F79EFBC}") = "Rockestra.BootstrapperFixture", "tests\Rockestra.BootstrapperFixture\Rockestra.BootstrapperFixture.csproj", "{52CD0275-D2E4-4A16-9F47-44A6951312FB}"
EndProject
Global
	GlobalSection(SolutionConfigurationPlatforms) = preSolution
		Debug|Any CPU = Debug|Any CPU
		Debug|x64 = Debug|x64
		Debug|x86 = Debug|x86
		Release|Any CPU = Release|Any CPU
		Release|x64 = Release|x64
		Release|x86 = Release|x86
	EndGlobalSection
	GlobalSection(ProjectConfigurationPlatforms) = postSolution
		{C7121204-DE5A-4563-B1C6-FFC29C3719E5}.Debug|Any CPU.ActiveCfg = Debug|Any CPU
		{C7121204-DE5A-4563-B1C6-FFC29C3719E5}.Debug|Any CPU.Build.0 = Debug|Any CPU
		{C7121204-DE5A-4563-B1C6-FFC29C3719E5}.Debug|x64.ActiveCfg = Debug|Any CPU
		{C7121204-DE5A-4563-B1C6-FFC29C3719E5}.Debug|x64.Build.0 = Debug|Any CPU
		{C7121204-DE5A-4563-B1C6-FFC29C3719E5}.Debug|x86.ActiveCfg = Debug|Any CPU
		{C7121204-DE5A-4563-B1C6-FFC29C3719E5}.Debug|x86.Build.0 = Debug|Any CPU
		{C7121204-DE5A-4563-B1C6-FFC29C3719E5}.Release|Any CPU.ActiveCfg = Release|Any CPU
		{C7121204-DE5A-4563-B1C6-FFC29C3719E5}.Release|Any CPU.Build.0 = Release|Any CPU
		{C7121204-DE5A-4563-B1C6-FFC29C3719E5}.Release|x64.ActiveCfg = Release|Any CPU
		{C7121204-DE5A-4563-B1C6-FFC29C3719E5}.Release|x64.Build.0 = Release|Any CPU
		{C7121204-DE5A-4563-B1C6-FFC29C3719E5}.Release|x86.ActiveCfg = Release|Any CPU
		{C7121204-DE5A-4563-B1C6-FFC29C3719E5}.Release|x86.Build.0 = Release|Any CPU
		{CA0F9EF5-874E-47D7-B32E-7446DA2E8701}.Debug|Any CPU.ActiveCfg = Debug|Any CPU
		{CA0F9EF5-874E-47D7-B32E-7446DA2E8701}.Debug|Any CPU.Build.0 = Debug|Any CPU
		{CA0F9EF5-874E-47D7-B32E-7446DA2E8701}.Debug|x64.ActiveCfg = Debug|Any CPU
		{CA0F9EF5-874E-47D7-B32E-7446DA2E8701}.Debug|x64.Build.0 = Debug|Any CPU
		{CA0F9EF5-874E-47D7-B32E-7446DA2E8701}.Debug|x86.ActiveCfg = Debug|Any CPU
		{CA0F9EF5-874E-47D7-B32E-7446DA2E8701}.Debug|x86.Build.0 = Debug|Any CPU
		{CA0F9EF5-874E-47D7-B32E-7446DA2E8701}.Release|Any CPU.ActiveCfg = Release|Any CPU
		{CA0F9EF5-874E-47D7-B32E-7446DA2E8701}.Release|Any CPU.Build.0 = Release|Any CPU
		{CA0F9EF5-874E-47D7-B32E-7446DA2E8701}.Release|x64.ActiveCfg = Release|Any CPU
		{CA0F9EF5-874E-47D7-B32E-7446DA2E8701}.Release|x64.Build.0 = Release|Any CPU
		{CA0F9EF5-874E-47D7-B32E-7446DA2E8701}.Release|x86.ActiveCfg = Release|Any CPU
		{CA0F9EF5-874E-47D7-B32E-7446DA2E8701}.Release|x86.Build.0 = Release|Any CPU
		{CE87F137-1AD9-413A-BDF1-CB5056A25ADF}.Debug|Any CPU.ActiveCfg = Debug|Any CPU
		{CE87F137-1AD9-413A-BDF1-CB5056A25ADF}.Debug|Any CPU.Build.0 = Debug|Any CPU
		{CE87F137-1AD9-413A-BDF1-CB5056A25ADF}.Debug|x64.ActiveCfg = Debug|Any CPU
		{CE87F137-1AD9-413A-BDF1-CB5056A25ADF}.Debug|x64.Build.0 = Debug|Any CPU
		{CE87F137-1AD9-413A-BDF1-CB5056A25ADF}.Debug|x86.ActiveCfg = Debug|Any CPU
		{CE87F137-1AD9-413A-BDF1-CB5056A25ADF}.Debug|x86.Build.0 = Debug|Any CPU
		{CE87F137-1AD9-413A-BDF1-CB5056A25ADF}.Release|Any CPU.ActiveCfg = Release|Any CPU
		{CE87F137-1AD9-413A-BDF1-CB5056A25ADF}.Release|Any CPU.Build.0 = Release|Any CPU
		{CE87F137-1AD9-413A-BDF1-CB5056A25ADF}.Release|x64.ActiveCfg = Release|Any CPU
		{CE87F137-1AD9-413A-BDF1-CB5056A25ADF}.Release|x64.Build.0 = Release|Any CPU
		{CE87F137-1AD9-413A-BDF1-CB5056A25ADF}.Release|x86.ActiveCfg = Release|Any CPU
		{CE87F137-1AD9-413A-BDF1-CB5056A25ADF}.Release|x86.Build.0 = Release|Any CPU
		{1D8A61F6-A28F-4DDF-B184-18B8D2D64681}.Debug|Any CPU.ActiveCfg = Debug|Any CPU
		{1D8A61F6-A28F-4DDF-B184-18B8D2D64681}.Debug|Any CPU.Build.0 = Debug|Any CPU
		{1D8A61F6-A28F-4DDF-B184-18B8D2D64681}.Debug|x64.ActiveCfg = Debug|Any CPU
		{1D8A61F6-A28F-4DDF-B184-18B8D2D64681}.Debug|x64.Build.0 = Debug|Any CPU
		{1D8A61F6-A28F-4DDF-B184-18B8D2D64681}.Debug|x86.ActiveCfg = Debug|Any CPU
		{1D8A61F6-A28F-4DDF-B184-18B8D2D64681}.Debug|x86.Build.0 = Debug|Any CPU
		{1D8A61F6-A28F-4DDF-B184-18B8D2D64681}.Release|Any CPU.ActiveCfg = Release|Any CPU
		{1D8A61F6-A28F-4DDF-B184-18B8D2D64681}.Release|Any CPU.Build.0 = Release|Any CPU
		{1D8A61F6-A28F-4DDF-B184-18B8D2D64681}.Release|x64.ActiveCfg = Release|Any CPU
		{1D8A61F6-A28F-4DDF-B184-18B8D2D64681}.Release|x64.Build.0 = Release|Any CPU
		{1D8A61F6-A28F-4DDF-B184-18B8D2D64681}.Release|x86.ActiveCfg = Release|Any CPU
		{1D8A61F6-A28F-4DDF-B184-18B8D2D64681}.Release|x86.Build.0 = Release|Any CPU
		{B2B6B4B4-0E4E-4AF5-A08F-9E44D4E790CA}.Debug|Any CPU.ActiveCfg = Debug|Any CPU
		{B2B6B4B4-0E4E-4AF5-A08F-9E44D4E790CA}.Debug|Any CPU.Build.0 = Debug|Any CPU
		{B2B6B4B4-0E4E-4AF5-A08F-9E44D4E790CA}.Debug|x64.ActiveCfg = Debug|Any CPU
		{B2B6B4B4-0E4E-4AF5-A08F-9E44D4E790CA}.Debug|x64.Build.0 = Debug|Any CPU
		{B2B6B4B4-0E4E-4AF5-A08F-9E44D4E790CA}.Debug|x86.ActiveCfg = Debug|Any CPU
		{B2B6B4B4-0E4E-4AF5-A08F-9E44D4E790CA}.Debug|x86.Build.0 = Debug|Any CPU
		{B2B6B4B4-0E4E-4AF5-A08F-9E44D4E790CA}.Release|Any CPU.ActiveCfg = Release|Any CPU
		{B2B6B4B4-0E4E-4AF5-A08F-9E44D4E790CA}.Release|Any CPU.Build.0 = Release|Any CPU
		{B2B6B4B4-0E4E-4AF5-A08F-9E44D4E790CA}.Release|x64.ActiveCfg = Release|Any CPU
		{B2B6B4B4-0E4E-4AF5-A08F-9E44D4E790CA}.Release|x64.Build.0 = Release|Any CPU
		{B2B6B4B4-0E4E-4AF5-A08F-9E44D4E790CA}.Release|x86.ActiveCfg = Release|Any CPU
		{B2B6B4B4-0E4E-4AF5-A08F-9E44D4E790CA}.Release|x86.Build.0 = Release|Any CPU
		{4CC3E513-7C07-4AD3-923C-03DA1A1ACE9A}.Debug|Any CPU.ActiveCfg = Debug|Any CPU
		{4CC3E513-7C07-4AD3-923C-03DA1A1ACE9A}.Debug|Any CPU.Build.0 = Debug|Any CPU
		{4CC3E513-7C07-4AD3-923C-03DA1A1ACE9A}.Debug|x64.ActiveCfg = Debug|Any CPU
		{4CC3E513-7C07-4AD3-923C-03DA1A1ACE9A}.Debug|x64.Build.0 = Debug|Any CPU
		{4CC3E513-7C07-4AD3-923C-03DA1A1ACE9A}.Debug|x86.ActiveCfg = Debug|Any CPU
		{4CC3E513-7C07-4AD3-923C-03DA1A1ACE9A}.Debug|x86.Build.0 = Debug|Any CPU
		{4CC3E513-7C07-4AD3-923C-03DA1A1ACE9A}.Release|Any CPU.ActiveCfg = Release|Any CPU
		{4CC3E513-7C07-4AD3-923C-03DA1A1ACE9A}.Release|Any CPU.Build.0 = Release|Any CPU
		{4CC3E513-7C07-4AD3-923C-03DA1A1ACE9A}.Release|x64.ActiveCfg = Release|Any CPU
		{4CC3E513-7C07-4AD3-923C-03DA1A1ACE9A}.Release|x64.Build.0 = Release|Any CPU
		{4CC3E513-7C07-4AD3-923C-03DA1A1ACE9A}.Release|x86.ActiveCfg = Release|Any CPU
		{4CC3E513-7C07-4AD3-923C-03DA1A1ACE9A}.Release|x86.Build.0 = Release|Any CPU
		{15E7046A-5827-4504-B9FE-78427BEDA5BF}.Debug|Any CPU.ActiveCfg = Debug|Any CPU
		{15E7046A-5827-4504-B9FE-78427BEDA5BF}.Debug|Any CPU.Build.0 = Debug|Any CPU
		{15E7046A-5827-4504-B9FE-78427BEDA5BF}.Debug|x64.ActiveCfg = Debug|Any CPU
		{15E7046A-5827-4504-B9FE-78427BEDA5BF}.Debug|x64.Build.0 = Debug|Any CPU
		{15E7046A-5827-4504-B9FE-78427BEDA5BF}.Debug|x86.ActiveCfg = Debug|Any CPU
		{15E7046A-5827-4504-B9FE-78427BEDA5BF}.Debug|x86.Build.0 = Debug|Any CPU
		{15E7046A-5827-4504-B9FE-78427BEDA5BF}.Release|Any CPU.ActiveCfg = Release|Any CPU
		{15E7046A-5827-4504-B9FE-78427BEDA5BF}.Release|Any CPU.Build.0 = Release|Any CPU
		{15E7046A-5827-4504-B9FE-78427BEDA5BF}.Release|x64.ActiveCfg = Release|Any CPU
		{15E7046A-5827-4504-B9FE-78427BEDA5BF}.Release|x64.Build.0 = Release|Any CPU
		{15E7046A-5827-4504-B9FE-78427BEDA5BF}.Release|x86.ActiveCfg = Release|Any CPU
		{15E7046A-5827-4504-B9FE-78427BEDA5BF}.Release|x86.Build.0 = Release|Any CPU
		{E5DC75D1-0B52-4AA0-AD86-D54084950EB6}.Debug|Any CPU.ActiveCfg = Debug|Any CPU
		{E5DC75D1-0B52-4AA0-AD86-D54084950EB6}.Debug|Any CPU.Build.0 = Debug|Any CPU
		{E5DC75D1-0B52-4AA0-AD86-D54084950EB6}.Debug|x64.ActiveCfg = Debug|Any CPU
		{E5DC75D1-0B52-4AA0-AD86-D54084950EB6}.Debug|x64.Build.0 = Debug|Any CPU
		{E5DC75D1-0B52-4AA0-AD86-D54084950EB6}.Debug|x86.ActiveCfg = Debug|Any CPU
		{E5DC75D1-0B52-4AA0-AD86-D54084950EB6}.Debug|x86.Build.0 = Debug|Any CPU
		{E5DC75D1-0B52-4AA0-AD86-D54084950EB6}.Release|Any CPU.ActiveCfg = Release|Any CPU
		{E5DC75D1-0B52-4AA0-AD86-D54084950EB6}.Release|Any CPU.Build.0 = Release|Any CPU
		{E5DC75D1-0B52-4AA0-AD86-D54084950EB6}.Release|x64.ActiveCfg = Release|Any CPU
		{E5DC75D1-0B52-4AA0-AD86-D54084950EB6}.Release|x64.Build.0 = Release|Any CPU
		{E5DC75D1-0B52-4AA0-AD86-D54084950EB6}.Release|x86.ActiveCfg = Release|Any CPU
		{E5DC75D1-0B52-4AA0-AD86-D54084950EB6}.Release|x86.Build.0 = Release|Any CPU
		{D1700E3D-4F4D-46E4-A739-B263654BF930}.Debug|Any CPU.ActiveCfg = Debug|Any CPU
		{D1700E3D-4F4D-46E4-A739-B263654BF930}.Debug|Any CPU.Build.0 = Debug|Any CPU
		{D1700E3D-4F4D-46E4-A739-B263654BF930}.Debug|x64.ActiveCfg = Debug|Any CPU
		{D1700E3D-4F4D-46E4-A739-B263654BF930}.Debug|x64.Build.0 = Debug|Any CPU
		{D1700E3D-4F4D-46E4-A739-B263654BF930}.Debug|x86.ActiveCfg = Debug|Any CPU
		{D1700E3D-4F4D-46E4-A739-B263654BF930}.Debug|x86.Build.0 = Debug|Any CPU
		{D1700E3D-4F4D-46E4-A739-B263654BF930}.Release|Any CPU.ActiveCfg = Release|Any CPU
		{D1700E3D-4F4D-46E4-A739-B263654BF930}.Release|Any CPU.Build.0 = Release|Any CPU
		{D1700E3D-4F4D-46E4-A739-B263654BF930}.Release|x64.ActiveCfg = Release|Any CPU
		{D1700E3D-4F4D-46E4-A739-B263654BF930}.Release|x64.Build.0 = Release|Any CPU
		{D1700E3D-4F4D-46E4-A739-B263654BF930}.Release|x86.ActiveCfg = Release|Any CPU
		{D1700E3D-4F4D-46E4-A739-B263654BF930}.Release|x86.Build.0 = Release|Any CPU
		{52CD0275-D2E4-4A16-9F47-44A6951312FB}.Debug|Any CPU.ActiveCfg = Debug|Any CPU
		{52CD0275-D2E4-4A16-9F47-44A6951312FB}.Debug|Any CPU.Build.0 = Debug|Any CPU
		{52CD0275-D2E4-4A16-9F47-44A6951312FB}.Debug|x64.ActiveCfg = Debug|Any CPU
		{52CD0275-D2E4-4A16-9F47-44A6951312FB}.Debug|x64.Build.0 = Debug|Any CPU
		{52CD0275-D2E4-4A16-9F47-44A6951312FB}.Debug|x86.ActiveCfg = Debug|Any CPU
		{52CD0275-D2E4-4A16-9F47-44A6951312FB}.Debug|x86.Build.0 = Debug|Any CPU
		{52CD0275-D2E4-4A16-9F47-44A6951312FB}.Release|Any CPU.ActiveCfg = Release|Any CPU
		{52CD0275-D2E4-4A16-9F47-44A6951312FB}.Release|Any CPU.Build.0 = Release|Any CPU
		{52CD0275-D2E4-4A16-9F47-44A6951312FB}.Release|x64.ActiveCfg = Release|Any CPU
		{52CD0275-D2E4-4A16-9F47-44A6951312FB}.Release|x64.Build.0 = Release|Any CPU
		{52CD0275-D2E4-4A16-9F47-44A6951312FB}.Release|x86.ActiveCfg = Release|Any CPU
		{52CD0275-D2E4-4A16-9F47-44A6951312FB}.Release|x86.Build.0 = Release|Any CPU
	EndGlobalSection
	GlobalSection(SolutionProperties) = preSolution
		HideSolutionNode = FALSE
	EndGlobalSection
	GlobalSection(NestedProjects) = preSolution
		{C7121204-DE5A-4563-B1C6-FFC29C3719E5} = {827E0CD3-B72D-47B6-A68D-7590B98EB39B}
		{CA0F9EF5-874E-47D7-B32E-7446DA2E8701} = {0AB3BF05-4346-4AA6-1389-037BE0695223}
		{CE87F137-1AD9-413A-BDF1-CB5056A25ADF} = {827E0CD3-B72D-47B6-A68D-7590B98EB39B}
		{1D8A61F6-A28F-4DDF-B184-18B8D2D64681} = {0AB3BF05-4346-4AA6-1389-037BE0695223}
		{B2B6B4B4-0E4E-4AF5-A08F-9E44D4E790CA} = {B36A84DF-456D-A817-6EDD-3EC3E7F6E11F}
		{4CC3E513-7C07-4AD3-923C-03DA1A1ACE9A} = {0AB3BF05-4346-4AA6-1389-037BE0695223}
		{15E7046A-5827-4504-B9FE-78427BEDA5BF} = {66320409-64EC-F7C5-3DEF-65E7510DAAD1}
		{E5DC75D1-0B52-4AA0-AD86-D54084950EB6} = {827E0CD3-B72D-47B6-A68D-7590B98EB39B}
		{D1700E3D-4F4D-46E4-A739-B263654BF930} = {0AB3BF05-4346-4AA6-1389-037BE0695223}
		{52CD0275-D2E4-4A16-9F47-44A6951312FB} = {0AB3BF05-4346-4AA6-1389-037BE0695223}
	EndGlobalSection
EndGlobal

